
Microsoft Visual Studio Solution File, Format Version 12.00
# Visual Studio Version 16
VisualStudioVersion = 16.0.31515.178
MinimumVisualStudioVersion = 10.0.40219.1
Project("{FAE04EC0-301F-11D3-BF4B-00C04F79EFBC}") = "Html", "Html\Html.csproj", "{BF7498D7-A649-4AD7-9B22-3624D82F8F6E}"
EndProject
Global
	GlobalSection(SolutionConfigurationPlatforms) = preSolution
		Debug|Any CPU = Debug|Any CPU
		Release|Any CPU = Release|Any CPU
	EndGlobalSection
	GlobalSection(ProjectConfigurationPlatforms) = postSolution
		{BF7498D7-A649-4AD7-9B22-3624D82F8F6E}.Debug|Any CPU.ActiveCfg = Debug|Any CPU
		{BF7498D7-A649-4AD7-9B22-3624D82F8F6E}.Debug|Any CPU.Build.0 = Debug|Any CPU
		{BF7498D7-A649-4AD7-9B22-3624D82F8F6E}.Release|Any CPU.ActiveCfg = Release|Any CPU
		{BF7498D7-A649-4AD7-9B22-3624D82F8F6E}.Release|Any CPU.Build.0 = Release|Any CPU
	EndGlobalSection
	GlobalSection(SolutionProperties) = preSolution
		HideSolutionNode = FALSE
	EndGlobalSection
	GlobalSection(ExtensibilityGlobals) = postSolution
		SolutionGuid = {BC3DFEB5-60B8-40A0-84B5-B930462BB476}
	EndGlobalSection
EndGlobal
